{
  "name": "frontend",
  "lockfileVersion": 2,
  "requires": true,
  "packages": {
    "": {
      "dependencies": {
        "@picocss/pico": "^1.4.4"
      }
    },
    "node_modules/@picocss/pico": {
      "version": "1.4.4",
      "resolved": "https://registry.npmjs.org/@picocss/pico/-/pico-1.4.4.tgz",
      "integrity": "sha512-MuL4MOY1Tugf91N06mhYETVqMiNeT9gObMJ0WNrnbSGBw61gsqXzn7ScjXvVpnQmFC8DP13mluzz1s+ogpiuEQ=="
    }
  },
  "dependencies": {
    "@picocss/pico": {
      "version": "1.4.4",
      "resolved": "https://registry.npmjs.org/@picocss/pico/-/pico-1.4.4.tgz",
      "integrity": "sha512-MuL4MOY1Tugf91N06mhYETVqMiNeT9gObMJ0WNrnbSGBw61gsqXzn7ScjXvVpnQmFC8DP13mluzz1s+ogpiuEQ=="
    }
  }
}
